
Microsoft Visual Studio Solution File, Format Version 12.00
# Visual Studio Version 16
VisualStudioVersion = 16.0.29418.71
MinimumVisualStudioVersion = 10.0.40219.1
Project("{FAE04EC0-301F-11D3-BF4B-00C04F79EFBC}") = "Test001", "Test001\Test001.csproj", "{54F8D1AC-5C47-4F9B-944E-9D90E0C1A7CA}"
EndProject
Global
	GlobalSection(SolutionConfigurationPlatforms) = preSolution
		Debug|Any CPU = Debug|Any CPU
		Release|Any CPU = Release|Any CPU
	EndGlobalSection
	GlobalSection(ProjectConfigurationPlatforms) = postSolution
		{54F8D1AC-5C47-4F9B-944E-9D90E0C1A7CA}.Debug|Any CPU.ActiveCfg = Debug|Any CPU
		{54F8D1AC-5C47-4F9B-944E-9D90E0C1A7CA}.Debug|Any CPU.Build.0 = Debug|Any CPU
		{54F8D1AC-5C47-4F9B-944E-9D90E0C1A7CA}.Release|Any CPU.ActiveCfg = Release|Any CPU
		{54F8D1AC-5C47-4F9B-944E-9D90E0C1A7CA}.Release|Any CPU.Build.0 = Release|Any CPU
	EndGlobalSection
	GlobalSection(SolutionProperties) = preSolution
		HideSolutionNode = FALSE
	EndGlobalSection
	GlobalSection(ExtensibilityGlobals) = postSolution
		SolutionGuid = {BE516119-5C62-4C59-8EDE-066E45788780}
	EndGlobalSection
EndGlobal
